
Microsoft Visual Studio Solution File, Format Version 12.00
# Visual Studio 14
VisualStudioVersion = 14.0.24720.0
MinimumVisualStudioVersion = 10.0.40219.1
Project("{8BC9CEB8-8B4A-11D0-8D11-00A0C91BC942}") = "CCOQR 2016", "CCOQR 2016\CCOQR 2016.vcxproj", "{8257A50E-16AD-4453-92E1-F5A9990D6318}"
EndProject
Project("{8BC9CEB8-8B4A-11D0-8D11-00A0C91BC942}") = "Q1", "Q1\Q1.vcxproj", "{45B9C360-BC67-4B97-A293-59FCAD9179CE}"
EndProject
Project("{8BC9CEB8-8B4A-11D0-8D11-00A0C91BC942}") = "Q2", "Q2\Q2.vcxproj", "{B094AF81-C608-4072-BA4D-AB187741DF30}"
EndProject
Global
	GlobalSection(SolutionConfigurationPlatforms) = preSolution
		Debug|x64 = Debug|x64
		Debug|x86 = Debug|x86
		Release|x64 = Release|x64
		Release|x86 = Release|x86
	EndGlobalSection
	GlobalSection(ProjectConfigurationPlatforms) = postSolution
		{8257A50E-16AD-4453-92E1-F5A9990D6318}.Debug|x64.ActiveCfg = Debug|x64
		{8257A50E-16AD-4453-92E1-F5A9990D6318}.Debug|x64.Build.0 = Debug|x64
		{8257A50E-16AD-4453-92E1-F5A9990D6318}.Debug|x86.ActiveCfg = Debug|Win32
		{8257A50E-16AD-4453-92E1-F5A9990D6318}.Debug|x86.Build.0 = Debug|Win32
		{8257A50E-16AD-4453-92E1-F5A9990D6318}.Release|x64.ActiveCfg = Release|x64
		{8257A50E-16AD-4453-92E1-F5A9990D6318}.Release|x64.Build.0 = Release|x64
		{8257A50E-16AD-4453-92E1-F5A9990D6318}.Release|x86.ActiveCfg = Release|Win32
		{8257A50E-16AD-4453-92E1-F5A9990D6318}.Release|x86.Build.0 = Release|Win32
		{45B9C360-BC67-4B97-A293-59FCAD9179CE}.Debug|x64.ActiveCfg = Debug|x64
		{45B9C360-BC67-4B97-A293-59FCAD9179CE}.Debug|x64.Build.0 = Debug|x64
		{45B9C360-BC67-4B97-A293-59FCAD9179CE}.Debug|x86.ActiveCfg = Debug|Win32
		{45B9C360-BC67-4B97-A293-59FCAD9179CE}.Debug|x86.Build.0 = Debug|Win32
		{45B9C360-BC67-4B97-A293-59FCAD9179CE}.Release|x64.ActiveCfg = Release|x64
		{45B9C360-BC67-4B97-A293-59FCAD9179CE}.Release|x64.Build.0 = Release|x64
		{45B9C360-BC67-4B97-A293-59FCAD9179CE}.Release|x86.ActiveCfg = Release|Win32
		{45B9C360-BC67-4B97-A293-59FCAD9179CE}.Release|x86.Build.0 = Release|Win32
		{B094AF81-C608-4072-BA4D-AB187741DF30}.Debug|x64.ActiveCfg = Debug|x64
		{B094AF81-C608-4072-BA4D-AB187741DF30}.Debug|x64.Build.0 = Debug|x64
		{B094AF81-C608-4072-BA4D-AB187741DF30}.Debug|x86.ActiveCfg = Debug|Win32
		{B094AF81-C608-4072-BA4D-AB187741DF30}.Debug|x86.Build.0 = Debug|Win32
		{B094AF81-C608-4072-BA4D-AB187741DF30}.Release|x64.ActiveCfg = Release|x64
		{B094AF81-C608-4072-BA4D-AB187741DF30}.Release|x64.Build.0 = Release|x64
		{B094AF81-C608-4072-BA4D-AB187741DF30}.Release|x86.ActiveCfg = Release|Win32
		{B094AF81-C608-4072-BA4D-AB187741DF30}.Release|x86.Build.0 = Release|Win32
	EndGlobalSection
	GlobalSection(SolutionProperties) = preSolution
		HideSolutionNode = FALSE
	EndGlobalSection
EndGlobal
